PODS:
  - libpd (0.11.0)

DEPENDENCIES:
  - libpd (from `https://github.com/libpd/libpd`)

EXTERNAL SOURCES:
  libpd:
    :git: https://github.com/libpd/libpd
    :submodules: true

CHECKOUT OPTIONS:
  libpd:
    :commit: ba51dbc52ae247ec2878164e2aa427e9d02e0211
    :git: https://github.com/libpd/libpd
    :submodules: true

SPEC CHECKSUMS:
  libpd: 92e99cda31e27261cc63c7508a57283561999cb8

PODFILE CHECKSUM: 6046f01379f9e9586c40768899a33d325ec6273e

COCOAPODS: 1.7.5
